// !$*UTF8*$!
{
	archiveVersion = 1;
	classes = {
	};
	objectVersion = 52;
	objects = {

/* Begin PBXBuildFile section */
		03318B8A24A408FB004058FD /* TMCountry+luxembourg.swift in Sources */ = {isa = PBXBuildFile; fileRef = 03318B8924A408FB004058FD /* TMCountry+luxembourg.swift */; };
		03318B8C24A40916004058FD /* TMCountry+theVatican.swift in Sources */ = {isa = PBXBuildFile; fileRef = 03318B8B24A40916004058FD /* TMCountry+theVatican.swift */; };
		03318B8E24A442A1004058FD /* MockSearcher.swift in Sources */ = {isa = PBXBuildFile; fileRef = 03318B8D24A442A1004058FD /* MockSearcher.swift */; };
		03318B9024A442C8004058FD /* MockSelectionDelegate.swift in Sources */ = {isa = PBXBuildFile; fileRef = 03318B8F24A442C8004058FD /* MockSelectionDelegate.swift */; };
		03318B9324A4430E004058FD /* TMCountryViewModelTests.swift in Sources */ = {isa = PBXBuildFile; fileRef = 03318B9224A4430E004058FD /* TMCountryViewModelTests.swift */; };
		03318B9824A4FB53004058FD /* TMCountryTableViewCellTests.swift in Sources */ = {isa = PBXBuildFile; fileRef = 03318B9724A4FB53004058FD /* TMCountryTableViewCellTests.swift */; };
		03318B9A24A508CB004058FD /* MockImageCache.swift in Sources */ = {isa = PBXBuildFile; fileRef = 03318B9924A508CB004058FD /* MockImageCache.swift */; };
		033A4D5724A25F5100A4C634 /* TMRESTCountriesAPI.swift in Sources */ = {isa = PBXBuildFile; fileRef = 033A4D5624A25F5100A4C634 /* TMRESTCountriesAPI.swift */; };
		033A4D5924A2614800A4C634 /* TMError.swift in Sources */ = {isa = PBXBuildFile; fileRef = 033A4D5824A2614800A4C634 /* TMError.swift */; };
		033A4D6124A2724A00A4C634 /* TMJSONDecoder.swift in Sources */ = {isa = PBXBuildFile; fileRef = 033A4D6024A2724A00A4C634 /* TMJSONDecoder.swift */; };
		033A4D6324A2726000A4C634 /* TMURLSession.swift in Sources */ = {isa = PBXBuildFile; fileRef = 033A4D6224A2726000A4C634 /* TMURLSession.swift */; };
		033A4D6A24A272BA00A4C634 /* JSONDecoder+TMJSONEncoder.swift in Sources */ = {isa = PBXBuildFile; fileRef = 033A4D6924A272BA00A4C634 /* JSONDecoder+TMJSONEncoder.swift */; };
		033A4D6C24A272EF00A4C634 /* URLSession+TMURLSession.swift in Sources */ = {isa = PBXBuildFile; fileRef = 033A4D6B24A272EF00A4C634 /* URLSession+TMURLSession.swift */; };
		033A4D6F24A2731600A4C634 /* TMCurrency.swift in Sources */ = {isa = PBXBuildFile; fileRef = 033A4D6E24A2731600A4C634 /* TMCurrency.swift */; };
		033A4D7124A2732700A4C634 /* TMLanguage.swift in Sources */ = {isa = PBXBuildFile; fileRef = 033A4D7024A2732700A4C634 /* TMLanguage.swift */; };
		033A4D7324A2733C00A4C634 /* TMCountry.swift in Sources */ = {isa = PBXBuildFile; fileRef = 033A4D7224A2733C00A4C634 /* TMCountry.swift */; };
		0359DCA124A280A2003C0E62 /* Result+isFailure.swift in Sources */ = {isa = PBXBuildFile; fileRef = 0359DCA024A280A2003C0E62 /* Result+isFailure.swift */; };
		0359DCA324A280AB003C0E62 /* Result+isSuccess.swift in Sources */ = {isa = PBXBuildFile; fileRef = 0359DCA224A280AB003C0E62 /* Result+isSuccess.swift */; };
		0359DCA524A28214003C0E62 /* MockURLSession.swift in Sources */ = {isa = PBXBuildFile; fileRef = 0359DCA424A28214003C0E62 /* MockURLSession.swift */; };
		0359DCA724A28225003C0E62 /* MockURLSessionDataTask.swift in Sources */ = {isa = PBXBuildFile; fileRef = 0359DCA624A28225003C0E62 /* MockURLSessionDataTask.swift */; };
		0359DCA924A2825E003C0E62 /* MockHTTPURLResponse.swift in Sources */ = {isa = PBXBuildFile; fileRef = 0359DCA824A2825E003C0E62 /* MockHTTPURLResponse.swift */; };
		035C245424A2EFB800FEF43D /* SDWebImageSVGCoder in Frameworks */ = {isa = PBXBuildFile; productRef = 035C245324A2EFB800FEF43D /* SDWebImageSVGCoder */; };
		035C245624A2F2B100FEF43D /* TMCountriesViewControllerIniting.swift in Sources */ = {isa = PBXBuildFile; fileRef = 035C245524A2F2B100FEF43D /* TMCountriesViewControllerIniting.swift */; };
		035C245824A3BA3E00FEF43D /* TMCountryTableViewCell.swift in Sources */ = {isa = PBXBuildFile; fileRef = 035C245724A3BA3E00FEF43D /* TMCountryTableViewCell.swift */; };
		035C245A24A3C4D700FEF43D /* TMCountryViewController.swift in Sources */ = {isa = PBXBuildFile; fileRef = 035C245924A3C4D700FEF43D /* TMCountryViewController.swift */; };
		038FB31724A3D08600A22CD0 /* TMCountryViewModelIniting.swift in Sources */ = {isa = PBXBuildFile; fileRef = 038FB31624A3D08600A22CD0 /* TMCountryViewModelIniting.swift */; };
		038FB31924A3D50200A22CD0 /* TMCountryViewModeling.swift in Sources */ = {isa = PBXBuildFile; fileRef = 038FB31824A3D50200A22CD0 /* TMCountryViewModeling.swift */; };
		038FB31B24A3D53200A22CD0 /* TMCountryViewModel.swift in Sources */ = {isa = PBXBuildFile; fileRef = 038FB31A24A3D53200A22CD0 /* TMCountryViewModel.swift */; };
		03B8666124A25ED600E7FEF5 /* AppDelegate.swift in Sources */ = {isa = PBXBuildFile; fileRef = 03B8666024A25ED600E7FEF5 /* AppDelegate.swift */; };
		03B8666324A25ED600E7FEF5 /* SceneDelegate.swift in Sources */ = {isa = PBXBuildFile; fileRef = 03B8666224A25ED600E7FEF5 /* SceneDelegate.swift */; };
		03B8666524A25ED600E7FEF5 /* TMCountriesViewController.swift in Sources */ = {isa = PBXBuildFile; fileRef = 03B8666424A25ED600E7FEF5 /* TMCountriesViewController.swift */; };
		03B8666824A25ED600E7FEF5 /* Main.storyboard in Resources */ = {isa = PBXBuildFile; fileRef = 03B8666624A25ED600E7FEF5 /* Main.storyboard */; };
		03B8666A24A25ED900E7FEF5 /* Assets.xcassets in Resources */ = {isa = PBXBuildFile; fileRef = 03B8666924A25ED900E7FEF5 /* Assets.xcassets */; };
		03B8666D24A25ED900E7FEF5 /* LaunchScreen.storyboard in Resources */ = {isa = PBXBuildFile; fileRef = 03B8666B24A25ED900E7FEF5 /* LaunchScreen.storyboard */; };
		03F5462B24A2AFCB005ACC12 /* SDWebImageAsTMImageCache.swift in Sources */ = {isa = PBXBuildFile; fileRef = 03F5462A24A2AFCB005ACC12 /* SDWebImageAsTMImageCache.swift */; };
		03F5462D24A2B036005ACC12 /* TMImageCache.swift in Sources */ = {isa = PBXBuildFile; fileRef = 03F5462C24A2B036005ACC12 /* TMImageCache.swift */; };
		03F5462F24A2B174005ACC12 /* TMCountriesViewModelIng.swift in Sources */ = {isa = PBXBuildFile; fileRef = 03F5462E24A2B174005ACC12 /* TMCountriesViewModelIng.swift */; };
		03F5463424A2B816005ACC12 /* TMCountriesSearching.swift in Sources */ = {isa = PBXBuildFile; fileRef = 03F5463324A2B816005ACC12 /* TMCountriesSearching.swift */; };
		03F5463B24A2B9C1005ACC12 /* TMCountriesSearchCache.swift in Sources */ = {isa = PBXBuildFile; fileRef = 03F5463A24A2B9C1005ACC12 /* TMCountriesSearchCache.swift */; };
		03FF3B1324A285C100384353 /* TMRESTCountriesAPITests.swift in Sources */ = {isa = PBXBuildFile; fileRef = 033A4D5A24A266A100A4C634 /* TMRESTCountriesAPITests.swift */; };
		03FF3B1924A2882900384353 /* MockJSONDecoder.swift in Sources */ = {isa = PBXBuildFile; fileRef = 03FF3B1824A2882900384353 /* MockJSONDecoder.swift */; };
		03FF3B1E24A290F100384353 /* TMCoordinator.swift in Sources */ = {isa = PBXBuildFile; fileRef = 03FF3B1D24A290F100384353 /* TMCoordinator.swift */; };
		03FF3B2024A2959F00384353 /* UIWindow+TMWindow.swift in Sources */ = {isa = PBXBuildFile; fileRef = 03FF3B1F24A2959F00384353 /* UIWindow+TMWindow.swift */; };
		03FF3B2224A295AA00384353 /* TMWindow.swift in Sources */ = {isa = PBXBuildFile; fileRef = 03FF3B2124A295AA00384353 /* TMWindow.swift */; };
		03FF3B2424A2962900384353 /* TMRootViewController.swift in Sources */ = {isa = PBXBuildFile; fileRef = 03FF3B2324A2962900384353 /* TMRootViewController.swift */; };
		03FF3B2624A2963800384353 /* UINavigationController+TMRootViewController.swift in Sources */ = {isa = PBXBuildFile; fileRef = 03FF3B2524A2963800384353 /* UINavigationController+TMRootViewController.swift */; };
		03FF3B2824A2975700384353 /* TMStoryboard.swift in Sources */ = {isa = PBXBuildFile; fileRef = 03FF3B2724A2975700384353 /* TMStoryboard.swift */; };
		03FF3B2A24A2977100384353 /* UIStoryboard+TMStoryboard.swift in Sources */ = {isa = PBXBuildFile; fileRef = 03FF3B2924A2977100384353 /* UIStoryboard+TMStoryboard.swift */; };
		03FF3B3324A29F1D00384353 /* TMCountriesViewModelTests.swift in Sources */ = {isa = PBXBuildFile; fileRef = 03FF3B3224A29F1D00384353 /* TMCountriesViewModelTests.swift */; };
		03FF3B3524A29F4400384353 /* TMCountriesViewModel.swift in Sources */ = {isa = PBXBuildFile; fileRef = 03FF3B3424A29F4400384353 /* TMCountriesViewModel.swift */; };
		03FF3B3924A29F8100384353 /* TMCountriesViewModelDelegate.swift in Sources */ = {isa = PBXBuildFile; fileRef = 03FF3B3824A29F8100384353 /* TMCountriesViewModelDelegate.swift */; };
		03FF3B4224A2AA3900384353 /* SDWebImage in Frameworks */ = {isa = PBXBuildFile; productRef = 03FF3B4124A2AA3900384353 /* SDWebImage */; };
/* End PBXBuildFile section */

/* Begin PBXContainerItemProxy section */
		03B8667424A25ED900E7FEF5 /* PBXContainerItemProxy */ = {
			isa = PBXContainerItemProxy;
			containerPortal = 03B8665524A25ED600E7FEF5 /* Project object */;
			proxyType = 1;
			remoteGlobalIDString = 03B8665C24A25ED600E7FEF5;
			remoteInfo = Countries;
		};
/* End PBXContainerItemProxy section */

/* Begin PBXCopyFilesBuildPhase section */
		035C244B24A2ED9700FEF43D /* Embed Frameworks */ = {
			isa = PBXCopyFilesBuildPhase;
			buildActionMask = 2147483647;
			dstPath = "";
			dstSubfolderSpec = 10;
			files = (
			);
			name = "Embed Frameworks";
			runOnlyForDeploymentPostprocessing = 0;
		};
/* End PBXCopyFilesBuildPhase section */

/* Begin PBXFileReference section */
		03318B8924A408FB004058FD /* TMCountry+luxembourg.swift */ = {isa = PBXFileReference; lastKnownFileType = sourcecode.swift; path = "TMCountry+luxembourg.swift"; sourceTree = "<group>"; };
		03318B8B24A40916004058FD /* TMCountry+theVatican.swift */ = {isa = PBXFileReference; lastKnownFileType = sourcecode.swift; path = "TMCountry+theVatican.swift"; sourceTree = "<group>"; };
		03318B8D24A442A1004058FD /* MockSearcher.swift */ = {isa = PBXFileReference; lastKnownFileType = sourcecode.swift; path = MockSearcher.swift; sourceTree = "<group>"; };
		03318B8F24A442C8004058FD /* MockSelectionDelegate.swift */ = {isa = PBXFileReference; lastKnownFileType = sourcecode.swift; path = MockSelectionDelegate.swift; sourceTree = "<group>"; };
		03318B9224A4430E004058FD /* TMCountryViewModelTests.swift */ = {isa = PBXFileReference; lastKnownFileType = sourcecode.swift; path = TMCountryViewModelTests.swift; sourceTree = "<group>"; };
		03318B9724A4FB53004058FD /* TMCountryTableViewCellTests.swift */ = {isa = PBXFileReference; lastKnownFileType = sourcecode.swift; path = TMCountryTableViewCellTests.swift; sourceTree = "<group>"; };
		03318B9924A508CB004058FD /* MockImageCache.swift */ = {isa = PBXFileReference; lastKnownFileType = sourcecode.swift; path = MockImageCache.swift; sourceTree = "<group>"; };
		033A4D5624A25F5100A4C634 /* TMRESTCountriesAPI.swift */ = {isa = PBXFileReference; lastKnownFileType = sourcecode.swift; path = TMRESTCountriesAPI.swift; sourceTree = "<group>"; };
		033A4D5824A2614800A4C634 /* TMError.swift */ = {isa = PBXFileReference; lastKnownFileType = sourcecode.swift; path = TMError.swift; sourceTree = "<group>"; };
		033A4D5A24A266A100A4C634 /* TMRESTCountriesAPITests.swift */ = {isa = PBXFileReference; lastKnownFileType = sourcecode.swift; path = TMRESTCountriesAPITests.swift; sourceTree = "<group>"; };
		033A4D6024A2724A00A4C634 /* TMJSONDecoder.swift */ = {isa = PBXFileReference; lastKnownFileType = sourcecode.swift; path = TMJSONDecoder.swift; sourceTree = "<group>"; };
		033A4D6224A2726000A4C634 /* TMURLSession.swift */ = {isa = PBXFileReference; lastKnownFileType = sourcecode.swift; path = TMURLSession.swift; sourceTree = "<group>"; };
		033A4D6924A272BA00A4C634 /* JSONDecoder+TMJSONEncoder.swift */ = {isa = PBXFileReference; lastKnownFileType = sourcecode.swift; path = "JSONDecoder+TMJSONEncoder.swift"; sourceTree = "<group>"; };
		033A4D6B24A272EF00A4C634 /* URLSession+TMURLSession.swift */ = {isa = PBXFileReference; lastKnownFileType = sourcecode.swift; path = "URLSession+TMURLSession.swift"; sourceTree = "<group>"; };
		033A4D6E24A2731600A4C634 /* TMCurrency.swift */ = {isa = PBXFileReference; lastKnownFileType = sourcecode.swift; path = TMCurrency.swift; sourceTree = "<group>"; };
		033A4D7024A2732700A4C634 /* TMLanguage.swift */ = {isa = PBXFileReference; lastKnownFileType = sourcecode.swift; path = TMLanguage.swift; sourceTree = "<group>"; };
		033A4D7224A2733C00A4C634 /* TMCountry.swift */ = {isa = PBXFileReference; lastKnownFileType = sourcecode.swift; path = TMCountry.swift; sourceTree = "<group>"; };
		0359DCA024A280A2003C0E62 /* Result+isFailure.swift */ = {isa = PBXFileReference; lastKnownFileType = sourcecode.swift; path = "Result+isFailure.swift"; sourceTree = "<group>"; };
		0359DCA224A280AB003C0E62 /* Result+isSuccess.swift */ = {isa = PBXFileReference; lastKnownFileType = sourcecode.swift; path = "Result+isSuccess.swift"; sourceTree = "<group>"; };
		0359DCA424A28214003C0E62 /* MockURLSession.swift */ = {isa = PBXFileReference; lastKnownFileType = sourcecode.swift; path = MockURLSession.swift; sourceTree = "<group>"; };
		0359DCA624A28225003C0E62 /* MockURLSessionDataTask.swift */ = {isa = PBXFileReference; lastKnownFileType = sourcecode.swift; path = MockURLSessionDataTask.swift; sourceTree = "<group>"; };
		0359DCA824A2825E003C0E62 /* MockHTTPURLResponse.swift */ = {isa = PBXFileReference; lastKnownFileType = sourcecode.swift; path = MockHTTPURLResponse.swift; sourceTree = "<group>"; };
		035C244424A2EBB500FEF43D /* Countries-Bridging-Header.h */ = {isa = PBXFileReference; lastKnownFileType = sourcecode.c.h; path = "Countries-Bridging-Header.h"; sourceTree = "<group>"; };
		035C245524A2F2B100FEF43D /* TMCountriesViewControllerIniting.swift */ = {isa = PBXFileReference; lastKnownFileType = sourcecode.swift; path = TMCountriesViewControllerIniting.swift; sourceTree = "<group>"; };
		035C245724A3BA3E00FEF43D /* TMCountryTableViewCell.swift */ = {isa = PBXFileReference; lastKnownFileType = sourcecode.swift; path = TMCountryTableViewCell.swift; sourceTree = "<group>"; };
		035C245924A3C4D700FEF43D /* TMCountryViewController.swift */ = {isa = PBXFileReference; lastKnownFileType = sourcecode.swift; path = TMCountryViewController.swift; sourceTree = "<group>"; };
		038FB31624A3D08600A22CD0 /* TMCountryViewModelIniting.swift */ = {isa = PBXFileReference; lastKnownFileType = sourcecode.swift; path = TMCountryViewModelIniting.swift; sourceTree = "<group>"; };
		038FB31824A3D50200A22CD0 /* TMCountryViewModeling.swift */ = {isa = PBXFileReference; lastKnownFileType = sourcecode.swift; path = TMCountryViewModeling.swift; sourceTree = "<group>"; };
		038FB31A24A3D53200A22CD0 /* TMCountryViewModel.swift */ = {isa = PBXFileReference; lastKnownFileType = sourcecode.swift; path = TMCountryViewModel.swift; sourceTree = "<group>"; };
		03B8665D24A25ED600E7FEF5 /* Countries.app */ = {isa = PBXFileReference; explicitFileType = wrapper.application; includeInIndex = 0; path = Countries.app; sourceTree = BUILT_PRODUCTS_DIR; };
		03B8666024A25ED600E7FEF5 /* AppDelegate.swift */ = {isa = PBXFileReference; lastKnownFileType = sourcecode.swift; path = AppDelegate.swift; sourceTree = "<group>"; };
		03B8666224A25ED600E7FEF5 /* SceneDelegate.swift */ = {isa = PBXFileReference; lastKnownFileType = sourcecode.swift; path = SceneDelegate.swift; sourceTree = "<group>"; };
		03B8666424A25ED600E7FEF5 /* TMCountriesViewController.swift */ = {isa = PBXFileReference; lastKnownFileType = sourcecode.swift; path = TMCountriesViewController.swift; sourceTree = "<group>"; };
		03B8666724A25ED600E7FEF5 /* Base */ = {isa = PBXFileReference; lastKnownFileType = file.storyboard; name = Base; path = Base.lproj/Main.storyboard; sourceTree = "<group>"; };
		03B8666924A25ED900E7FEF5 /* Assets.xcassets */ = {isa = PBXFileReference; lastKnownFileType = folder.assetcatalog; path = Assets.xcassets; sourceTree = "<group>"; };
		03B8666C24A25ED900E7FEF5 /* Base */ = {isa = PBXFileReference; lastKnownFileType = file.storyboard; name = Base; path = Base.lproj/LaunchScreen.storyboard; sourceTree = "<group>"; };
		03B8666E24A25ED900E7FEF5 /* Info.plist */ = {isa = PBXFileReference; lastKnownFileType = text.plist.xml; path = Info.plist; sourceTree = "<group>"; };
		03B8667324A25ED900E7FEF5 /* CountriesTests.xctest */ = {isa = PBXFileReference; explicitFileType = wrapper.cfbundle; includeInIndex = 0; path = CountriesTests.xctest; sourceTree = BUILT_PRODUCTS_DIR; };
		03B8667924A25ED900E7FEF5 /* Info.plist */ = {isa = PBXFileReference; lastKnownFileType = text.plist.xml; path = Info.plist; sourceTree = "<group>"; };
		03F5462A24A2AFCB005ACC12 /* SDWebImageAsTMImageCache.swift */ = {isa = PBXFileReference; lastKnownFileType = sourcecode.swift; path = SDWebImageAsTMImageCache.swift; sourceTree = "<group>"; };
		03F5462C24A2B036005ACC12 /* TMImageCache.swift */ = {isa = PBXFileReference; lastKnownFileType = sourcecode.swift; path = TMImageCache.swift; sourceTree = "<group>"; };
		03F5462E24A2B174005ACC12 /* TMCountriesViewModelIng.swift */ = {isa = PBXFileReference; lastKnownFileType = sourcecode.swift; path = TMCountriesViewModelIng.swift; sourceTree = "<group>"; };
		03F5463324A2B816005ACC12 /* TMCountriesSearching.swift */ = {isa = PBXFileReference; lastKnownFileType = sourcecode.swift; path = TMCountriesSearching.swift; sourceTree = "<group>"; };
		03F5463A24A2B9C1005ACC12 /* TMCountriesSearchCache.swift */ = {isa = PBXFileReference; lastKnownFileType = sourcecode.swift; path = TMCountriesSearchCache.swift; sourceTree = "<group>"; };
		03FF3B1824A2882900384353 /* MockJSONDecoder.swift */ = {isa = PBXFileReference; lastKnownFileType = sourcecode.swift; path = MockJSONDecoder.swift; sourceTree = "<group>"; };
		03FF3B1D24A290F100384353 /* TMCoordinator.swift */ = {isa = PBXFileReference; lastKnownFileType = sourcecode.swift; path = TMCoordinator.swift; sourceTree = "<group>"; };
		03FF3B1F24A2959F00384353 /* UIWindow+TMWindow.swift */ = {isa = PBXFileReference; lastKnownFileType = sourcecode.swift; path = "UIWindow+TMWindow.swift"; sourceTree = "<group>"; };
		03FF3B2124A295AA00384353 /* TMWindow.swift */ = {isa = PBXFileReference; lastKnownFileType = sourcecode.swift; path = TMWindow.swift; sourceTree = "<group>"; };
		03FF3B2324A2962900384353 /* TMRootViewController.swift */ = {isa = PBXFileReference; lastKnownFileType = sourcecode.swift; path = TMRootViewController.swift; sourceTree = "<group>"; };
		03FF3B2524A2963800384353 /* UINavigationController+TMRootViewController.swift */ = {isa = PBXFileReference; lastKnownFileType = sourcecode.swift; path = "UINavigationController+TMRootViewController.swift"; sourceTree = "<group>"; };
		03FF3B2724A2975700384353 /* TMStoryboard.swift */ = {isa = PBXFileReference; lastKnownFileType = sourcecode.swift; path = TMStoryboard.swift; sourceTree = "<group>"; };
		03FF3B2924A2977100384353 /* UIStoryboard+TMStoryboard.swift */ = {isa = PBXFileReference; lastKnownFileType = sourcecode.swift; path = "UIStoryboard+TMStoryboard.swift"; sourceTree = "<group>"; };
		03FF3B3224A29F1D00384353 /* TMCountriesViewModelTests.swift */ = {isa = PBXFileReference; lastKnownFileType = sourcecode.swift; path = TMCountriesViewModelTests.swift; sourceTree = "<group>"; };
		03FF3B3424A29F4400384353 /* TMCountriesViewModel.swift */ = {isa = PBXFileReference; lastKnownFileType = sourcecode.swift; path = TMCountriesViewModel.swift; sourceTree = "<group>"; };
		03FF3B3824A29F8100384353 /* TMCountriesViewModelDelegate.swift */ = {isa = PBXFileReference; lastKnownFileType = sourcecode.swift; path = TMCountriesViewModelDelegate.swift; sourceTree = "<group>"; };
/* End PBXFileReference section */

/* Begin PBXFrameworksBuildPhase section */
		03B8665A24A25ED600E7FEF5 /* Frameworks */ = {
			isa = PBXFrameworksBuildPhase;
			buildActionMask = 2147483647;
			files = (
				03FF3B4224A2AA3900384353 /* SDWebImage in Frameworks */,
				035C245424A2EFB800FEF43D /* SDWebImageSVGCoder in Frameworks */,
			);
			runOnlyForDeploymentPostprocessing = 0;
		};
		03B8667024A25ED900E7FEF5 /* Frameworks */ = {
			isa = PBXFrameworksBuildPhase;
			buildActionMask = 2147483647;
			files = (
			);
			runOnlyForDeploymentPostprocessing = 0;
		};
/* End PBXFrameworksBuildPhase section */

/* Begin PBXGroup section */
		03318B8824A408E8004058FD /* Extensions */ = {
			isa = PBXGroup;
			children = (
				0359DCA024A280A2003C0E62 /* Result+isFailure.swift */,
				0359DCA224A280AB003C0E62 /* Result+isSuccess.swift */,
				03318B8924A408FB004058FD /* TMCountry+luxembourg.swift */,
				03318B8B24A40916004058FD /* TMCountry+theVatican.swift */,
			);
			path = Extensions;
			sourceTree = "<group>";
		};
		03318B9124A442F2004058FD /* TMCountryViewModel */ = {
			isa = PBXGroup;
			children = (
				03318B9224A4430E004058FD /* TMCountryViewModelTests.swift */,
			);
			path = TMCountryViewModel;
			sourceTree = "<group>";
		};
		03318B9624A4FB48004058FD /* TMCountryTableViewCell */ = {
			isa = PBXGroup;
			children = (
				03318B9924A508CB004058FD /* MockImageCache.swift */,
				03318B9724A4FB53004058FD /* TMCountryTableViewCellTests.swift */,
			);
			path = TMCountryTableViewCell;
			sourceTree = "<group>";
		};
		033A4D5C24A2721E00A4C634 /* Protocols */ = {
			isa = PBXGroup;
			children = (
				03F5462E24A2B174005ACC12 /* TMCountriesViewModelIng.swift */,
				038FB31824A3D50200A22CD0 /* TMCountryViewModeling.swift */,
				035C245524A2F2B100FEF43D /* TMCountriesViewControllerIniting.swift */,
				03F5463324A2B816005ACC12 /* TMCountriesSearching.swift */,
				038FB31624A3D08600A22CD0 /* TMCountryViewModelIniting.swift */,
			);
			path = Protocols;
			sourceTree = "<group>";
		};
		033A4D6624A2728A00A4C634 /* LibraryConformances */ = {
			isa = PBXGroup;
			children = (
				033A4D6924A272BA00A4C634 /* JSONDecoder+TMJSONEncoder.swift */,
				03F5462A24A2AFCB005ACC12 /* SDWebImageAsTMImageCache.swift */,
				03FF3B2524A2963800384353 /* UINavigationController+TMRootViewController.swift */,
				03FF3B2924A2977100384353 /* UIStoryboard+TMStoryboard.swift */,
				03FF3B1F24A2959F00384353 /* UIWindow+TMWindow.swift */,
				033A4D6B24A272EF00A4C634 /* URLSession+TMURLSession.swift */,
			);
			path = LibraryConformances;
			sourceTree = "<group>";
		};
		033A4D6D24A2730600A4C634 /* Models */ = {
			isa = PBXGroup;
			children = (
				033A4D6E24A2731600A4C634 /* TMCurrency.swift */,
				033A4D7024A2732700A4C634 /* TMLanguage.swift */,
				033A4D7224A2733C00A4C634 /* TMCountry.swift */,
			);
			path = Models;
			sourceTree = "<group>";
		};
		033A4D7424A2735C00A4C634 /* Extensions */ = {
			isa = PBXGroup;
			children = (
			);
			path = Extensions;
			sourceTree = "<group>";
		};
		0359DCB324A283C5003C0E62 /* Errors */ = {
			isa = PBXGroup;
			children = (
				033A4D5824A2614800A4C634 /* TMError.swift */,
			);
			path = Errors;
			sourceTree = "<group>";
		};
		0359DCB424A283D2003C0E62 /* API */ = {
			isa = PBXGroup;
			children = (
				033A4D5624A25F5100A4C634 /* TMRESTCountriesAPI.swift */,
			);
			path = API;
			sourceTree = "<group>";
		};
		038FB31C24A3D53B00A22CD0 /* Country */ = {
			isa = PBXGroup;
			children = (
				038FB31A24A3D53200A22CD0 /* TMCountryViewModel.swift */,
			);
			path = Country;
			sourceTree = "<group>";
		};
		03B8665424A25ED600E7FEF5 = {
			isa = PBXGroup;
			children = (
				03B8665F24A25ED600E7FEF5 /* Countries */,
				03B8667624A25ED900E7FEF5 /* CountriesTests */,
				03B8665E24A25ED600E7FEF5 /* Products */,
			);
			sourceTree = "<group>";
		};
		03B8665E24A25ED600E7FEF5 /* Products */ = {
			isa = PBXGroup;
			children = (
				03B8665D24A25ED600E7FEF5 /* Countries.app */,
				03B8667324A25ED900E7FEF5 /* CountriesTests.xctest */,
			);
			name = Products;
			sourceTree = "<group>";
		};
		03B8665F24A25ED600E7FEF5 /* Countries */ = {
			isa = PBXGroup;
			children = (
				03B8666024A25ED600E7FEF5 /* AppDelegate.swift */,
				03B8666224A25ED600E7FEF5 /* SceneDelegate.swift */,
				033A4D5C24A2721E00A4C634 /* Protocols */,
				03F5463C24A2BB69005ACC12 /* LibraryProtocols */,
				033A4D6624A2728A00A4C634 /* LibraryConformances */,
				033A4D7424A2735C00A4C634 /* Extensions */,
				0359DCB324A283C5003C0E62 /* Errors */,
				03FF3B1C24A290D700384353 /* Coordinators */,
				0359DCB424A283D2003C0E62 /* API */,
				03F5463924A2B9B3005ACC12 /* Managers */,
				033A4D6D24A2730600A4C634 /* Models */,
				03FF3B3624A29F6600384353 /* ViewModels */,
				03FF3B4324A2AA5600384353 /* ViewControllers */,
				03FF3B4424A2AA6100384353 /* Views */,
				03B8666624A25ED600E7FEF5 /* Main.storyboard */,
				03B8666924A25ED900E7FEF5 /* Assets.xcassets */,
				03B8666B24A25ED900E7FEF5 /* LaunchScreen.storyboard */,
				03B8666E24A25ED900E7FEF5 /* Info.plist */,
				035C244424A2EBB500FEF43D /* Countries-Bridging-Header.h */,
			);
			path = Countries;
			sourceTree = "<group>";
		};
		03B8667624A25ED900E7FEF5 /* CountriesTests */ = {
			isa = PBXGroup;
			children = (
				03318B8824A408E8004058FD /* Extensions */,
				03FF3B3124A29F0700384353 /* TMCountriesViewModel */,
				03318B9624A4FB48004058FD /* TMCountryTableViewCell */,
				03318B9124A442F2004058FD /* TMCountryViewModel */,
				03FF3B2B24A2988300384353 /* TMRESTCountriesAPI */,
				03B8667924A25ED900E7FEF5 /* Info.plist */,
			);
			path = CountriesTests;
			sourceTree = "<group>";
		};
		03F5463924A2B9B3005ACC12 /* Managers */ = {
			isa = PBXGroup;
			children = (
				03F5463A24A2B9C1005ACC12 /* TMCountriesSearchCache.swift */,
			);
			path = Managers;
			sourceTree = "<group>";
		};
		03F5463C24A2BB69005ACC12 /* LibraryProtocols */ = {
			isa = PBXGroup;
			children = (
				03F5462C24A2B036005ACC12 /* TMImageCache.swift */,
				033A4D6024A2724A00A4C634 /* TMJSONDecoder.swift */,
				03FF3B2324A2962900384353 /* TMRootViewController.swift */,
				03FF3B2724A2975700384353 /* TMStoryboard.swift */,
				033A4D6224A2726000A4C634 /* TMURLSession.swift */,
				03FF3B2124A295AA00384353 /* TMWindow.swift */,
			);
			path = LibraryProtocols;
			sourceTree = "<group>";
		};
		03FF3B1C24A290D700384353 /* Coordinators */ = {
			isa = PBXGroup;
			children = (
				03FF3B1D24A290F100384353 /* TMCoordinator.swift */,
			);
			path = Coordinators;
			sourceTree = "<group>";
		};
		03FF3B2B24A2988300384353 /* TMRESTCountriesAPI */ = {
			isa = PBXGroup;
			children = (
				0359DCA824A2825E003C0E62 /* MockHTTPURLResponse.swift */,
				03FF3B1824A2882900384353 /* MockJSONDecoder.swift */,
				0359DCA424A28214003C0E62 /* MockURLSession.swift */,
				0359DCA624A28225003C0E62 /* MockURLSessionDataTask.swift */,
				033A4D5A24A266A100A4C634 /* TMRESTCountriesAPITests.swift */,
			);
			path = TMRESTCountriesAPI;
			sourceTree = "<group>";
		};
		03FF3B3124A29F0700384353 /* TMCountriesViewModel */ = {
			isa = PBXGroup;
			children = (
				03318B8D24A442A1004058FD /* MockSearcher.swift */,
				03318B8F24A442C8004058FD /* MockSelectionDelegate.swift */,
				03FF3B3224A29F1D00384353 /* TMCountriesViewModelTests.swift */,
			);
			path = TMCountriesViewModel;
			sourceTree = "<group>";
		};
		03FF3B3624A29F6600384353 /* ViewModels */ = {
			isa = PBXGroup;
			children = (
				03FF3B3724A29F7200384353 /* Countries */,
				038FB31C24A3D53B00A22CD0 /* Country */,
			);
			path = ViewModels;
			sourceTree = "<group>";
		};
		03FF3B3724A29F7200384353 /* Countries */ = {
			isa = PBXGroup;
			children = (
				03FF3B3424A29F4400384353 /* TMCountriesViewModel.swift */,
				03FF3B3824A29F8100384353 /* TMCountriesViewModelDelegate.swift */,
			);
			path = Countries;
			sourceTree = "<group>";
		};
		03FF3B4324A2AA5600384353 /* ViewControllers */ = {
			isa = PBXGroup;
			children = (
				03B8666424A25ED600E7FEF5 /* TMCountriesViewController.swift */,
				035C245924A3C4D700FEF43D /* TMCountryViewController.swift */,
			);
			path = ViewControllers;
			sourceTree = "<group>";
		};
		03FF3B4424A2AA6100384353 /* Views */ = {
			isa = PBXGroup;
			children = (
				035C245724A3BA3E00FEF43D /* TMCountryTableViewCell.swift */,
			);
			path = Views;
			sourceTree = "<group>";
		};
/* End PBXGroup section */

/* Begin PBXNativeTarget section */
		03B8665C24A25ED600E7FEF5 /* Countries */ = {
			isa = PBXNativeTarget;
			buildConfigurationList = 03B8667C24A25ED900E7FEF5 /* Build configuration list for PBXNativeTarget "Countries" */;
			buildPhases = (
				03B8665924A25ED600E7FEF5 /* Sources */,
				03B8665A24A25ED600E7FEF5 /* Frameworks */,
				03B8665B24A25ED600E7FEF5 /* Resources */,
				035C244B24A2ED9700FEF43D /* Embed Frameworks */,
			);
			buildRules = (
			);
			dependencies = (
			);
			name = Countries;
			packageProductDependencies = (
				03FF3B4124A2AA3900384353 /* SDWebImage */,
				035C245324A2EFB800FEF43D /* SDWebImageSVGCoder */,
			);
			productName = Countries;
			productReference = 03B8665D24A25ED600E7FEF5 /* Countries.app */;
			productType = "com.apple.product-type.application";
		};
		03B8667224A25ED900E7FEF5 /* CountriesTests */ = {
			isa = PBXNativeTarget;
			buildConfigurationList = 03B8667F24A25ED900E7FEF5 /* Build configuration list for PBXNativeTarget "CountriesTests" */;
			buildPhases = (
				03B8666F24A25ED900E7FEF5 /* Sources */,
				03B8667024A25ED900E7FEF5 /* Frameworks */,
				03B8667124A25ED900E7FEF5 /* Resources */,
			);
			buildRules = (
			);
			dependencies = (
				03B8667524A25ED900E7FEF5 /* PBXTargetDependency */,
			);
			name = CountriesTests;
			productName = CountriesTests;
			productReference = 03B8667324A25ED900E7FEF5 /* CountriesTests.xctest */;
			productType = "com.apple.product-type.bundle.unit-test";
		};
/* End PBXNativeTarget section */

/* Begin PBXProject section */
		03B8665524A25ED600E7FEF5 /* Project object */ = {
			isa = PBXProject;
			attributes = {
				LastSwiftUpdateCheck = 1150;
				LastUpgradeCheck = 1150;
				ORGANIZATIONNAME = "Jesse Bushyhead";
				TargetAttributes = {
					03B8665C24A25ED600E7FEF5 = {
						CreatedOnToolsVersion = 11.5;
					};
					03B8667224A25ED900E7FEF5 = {
						CreatedOnToolsVersion = 11.5;
						TestTargetID = 03B8665C24A25ED600E7FEF5;
					};
				};
			};
			buildConfigurationList = 03B8665824A25ED600E7FEF5 /* Build configuration list for PBXProject "Countries" */;
			compatibilityVersion = "Xcode 9.3";
			developmentRegion = en;
			hasScannedForEncodings = 0;
			knownRegions = (
				en,
				Base,
			);
			mainGroup = 03B8665424A25ED600E7FEF5;
			packageReferences = (
				03FF3B4024A2AA3900384353 /* XCRemoteSwiftPackageReference "SDWebImage" */,
				035C245224A2EFB800FEF43D /* XCRemoteSwiftPackageReference "SDWebImageSVGCoder" */,
			);
			productRefGroup = 03B8665E24A25ED600E7FEF5 /* Products */;
			projectDirPath = "";
			projectRoot = "";
			targets = (
				03B8665C24A25ED600E7FEF5 /* Countries */,
				03B8667224A25ED900E7FEF5 /* CountriesTests */,
			);
		};
/* End PBXProject section */

/* Begin PBXResourcesBuildPhase section */
		03B8665B24A25ED600E7FEF5 /* Resources */ = {
			isa = PBXResourcesBuildPhase;
			buildActionMask = 2147483647;
			files = (
				03B8666D24A25ED900E7FEF5 /* LaunchScreen.storyboard in Resources */,
				03B8666A24A25ED900E7FEF5 /* Assets.xcassets in Resources */,
				03B8666824A25ED600E7FEF5 /* Main.storyboard in Resources */,
			);
			runOnlyForDeploymentPostprocessing = 0;
		};
		03B8667124A25ED900E7FEF5 /* Resources */ = {
			isa = PBXResourcesBuildPhase;
			buildActionMask = 2147483647;
			files = (
			);
			runOnlyForDeploymentPostprocessing = 0;
		};
/* End PBXResourcesBuildPhase section */

/* Begin PBXSourcesBuildPhase section */
		03B8665924A25ED600E7FEF5 /* Sources */ = {
			isa = PBXSourcesBuildPhase;
			buildActionMask = 2147483647;
			files = (
				03B8666524A25ED600E7FEF5 /* TMCountriesViewController.swift in Sources */,
				033A4D6C24A272EF00A4C634 /* URLSession+TMURLSession.swift in Sources */,
				03F5462B24A2AFCB005ACC12 /* SDWebImageAsTMImageCache.swift in Sources */,
				03FF3B3524A29F4400384353 /* TMCountriesViewModel.swift in Sources */,
				033A4D6F24A2731600A4C634 /* TMCurrency.swift in Sources */,
				033A4D6A24A272BA00A4C634 /* JSONDecoder+TMJSONEncoder.swift in Sources */,
				03FF3B2624A2963800384353 /* UINavigationController+TMRootViewController.swift in Sources */,
				035C245824A3BA3E00FEF43D /* TMCountryTableViewCell.swift in Sources */,
				038FB31924A3D50200A22CD0 /* TMCountryViewModeling.swift in Sources */,
				03B8666124A25ED600E7FEF5 /* AppDelegate.swift in Sources */,
				03F5463B24A2B9C1005ACC12 /* TMCountriesSearchCache.swift in Sources */,
				033A4D6124A2724A00A4C634 /* TMJSONDecoder.swift in Sources */,
				03FF3B2224A295AA00384353 /* TMWindow.swift in Sources */,
				033A4D5924A2614800A4C634 /* TMError.swift in Sources */,
				03F5463424A2B816005ACC12 /* TMCountriesSearching.swift in Sources */,
				03FF3B1E24A290F100384353 /* TMCoordinator.swift in Sources */,
				03FF3B2424A2962900384353 /* TMRootViewController.swift in Sources */,
				035C245624A2F2B100FEF43D /* TMCountriesViewControllerIniting.swift in Sources */,
				038FB31724A3D08600A22CD0 /* TMCountryViewModelIniting.swift in Sources */,
				03FF3B2A24A2977100384353 /* UIStoryboard+TMStoryboard.swift in Sources */,
				038FB31B24A3D53200A22CD0 /* TMCountryViewModel.swift in Sources */,
				033A4D6324A2726000A4C634 /* TMURLSession.swift in Sources */,
				033A4D5724A25F5100A4C634 /* TMRESTCountriesAPI.swift in Sources */,
				03F5462F24A2B174005ACC12 /* TMCountriesViewModelIng.swift in Sources */,
				03FF3B2824A2975700384353 /* TMStoryboard.swift in Sources */,
				035C245A24A3C4D700FEF43D /* TMCountryViewController.swift in Sources */,
				03FF3B2024A2959F00384353 /* UIWindow+TMWindow.swift in Sources */,
				033A4D7324A2733C00A4C634 /* TMCountry.swift in Sources */,
				03B8666324A25ED600E7FEF5 /* SceneDelegate.swift in Sources */,
				033A4D7124A2732700A4C634 /* TMLanguage.swift in Sources */,
				03F5462D24A2B036005ACC12 /* TMImageCache.swift in Sources */,
				03FF3B3924A29F8100384353 /* TMCountriesViewModelDelegate.swift in Sources */,
			);
			runOnlyForDeploymentPostprocessing = 0;
		};
		03B8666F24A25ED900E7FEF5 /* Sources */ = {
			isa = PBXSourcesBuildPhase;
			buildActionMask = 2147483647;
			files = (
				03FF3B1924A2882900384353 /* MockJSONDecoder.swift in Sources */,
				03318B9824A4FB53004058FD /* TMCountryTableViewCellTests.swift in Sources */,
				03318B8A24A408FB004058FD /* TMCountry+luxembourg.swift in Sources */,
				03318B8E24A442A1004058FD /* MockSearcher.swift in Sources */,
				03318B9324A4430E004058FD /* TMCountryViewModelTests.swift in Sources */,
				0359DCA524A28214003C0E62 /* MockURLSession.swift in Sources */,
				0359DCA924A2825E003C0E62 /* MockHTTPURLResponse.swift in Sources */,
				03318B9A24A508CB004058FD /* MockImageCache.swift in Sources */,
				03FF3B3324A29F1D00384353 /* TMCountriesViewModelTests.swift in Sources */,
				0359DCA724A28225003C0E62 /* MockURLSessionDataTask.swift in Sources */,
				03318B8C24A40916004058FD /* TMCountry+theVatican.swift in Sources */,
				03FF3B1324A285C100384353 /* TMRESTCountriesAPITests.swift in Sources */,
				03318B9024A442C8004058FD /* MockSelectionDelegate.swift in Sources */,
				0359DCA324A280AB003C0E62 /* Result+isSuccess.swift in Sources */,
				0359DCA124A280A2003C0E62 /* Result+isFailure.swift in Sources */,
			);
			runOnlyForDeploymentPostprocessing = 0;
		};
/* End PBXSourcesBuildPhase section */

/* Begin PBXTargetDependency section */
		03B8667524A25ED900E7FEF5 /* PBXTargetDependency */ = {
			isa = PBXTargetDependency;
			target = 03B8665C24A25ED600E7FEF5 /* Countries */;
			targetProxy = 03B8667424A25ED900E7FEF5 /* PBXContainerItemProxy */;
		};
/* End PBXTargetDependency section */

/* Begin PBXVariantGroup section */
		03B8666624A25ED600E7FEF5 /* Main.storyboard */ = {
			isa = PBXVariantGroup;
			children = (
				03B8666724A25ED600E7FEF5 /* Base */,
			);
			name = Main.storyboard;
			sourceTree = "<group>";
		};
		03B8666B24A25ED900E7FEF5 /* LaunchScreen.storyboard */ = {
			isa = PBXVariantGroup;
			children = (
				03B8666C24A25ED900E7FEF5 /* Base */,
			);
			name = LaunchScreen.storyboard;
			sourceTree = "<group>";
		};
/* End PBXVariantGroup section */

/* Begin XCBuildConfiguration section */
		03B8667A24A25ED900E7FEF5 /* Debug */ = {
			isa = XCBuildConfiguration;
			buildSettings = {
				ALWAYS_SEARCH_USER_PATHS = NO;
				CLANG_ANALYZER_NONNULL = YES;
				CLANG_ANALYZER_NUMBER_OBJECT_CONVERSION = YES_AGGRESSIVE;
				CLANG_CXX_LANGUAGE_STANDARD = "gnu++14";
				CLANG_CXX_LIBRARY = "libc++";
				CLANG_ENABLE_MODULES = YES;
				CLANG_ENABLE_OBJC_ARC = YES;
				CLANG_ENABLE_OBJC_WEAK = YES;
				CLANG_WARN_BLOCK_CAPTURE_AUTORELEASING = YES;
				CLANG_WARN_BOOL_CONVERSION = YES;
				CLANG_WARN_COMMA = YES;
				CLANG_WARN_CONSTANT_CONVERSION = YES;
				CLANG_WARN_DEPRECATED_OBJC_IMPLEMENTATIONS = YES;
				CLANG_WARN_DIRECT_OBJC_ISA_USAGE = YES_ERROR;
				CLANG_WARN_DOCUMENTATION_COMMENTS = YES;
				CLANG_WARN_EMPTY_BODY = YES;
				CLANG_WARN_ENUM_CONVERSION = YES;
				CLANG_WARN_INFINITE_RECURSION = YES;
				CLANG_WARN_INT_CONVERSION = YES;
				CLANG_WARN_NON_LITERAL_NULL_CONVERSION = YES;
				CLANG_WARN_OBJC_IMPLICIT_RETAIN_SELF = YES;
				CLANG_WARN_OBJC_LITERAL_CONVERSION = YES;
				CLANG_WARN_OBJC_ROOT_CLASS = YES_ERROR;
				CLANG_WARN_RANGE_LOOP_ANALYSIS = YES;
				CLANG_WARN_STRICT_PROTOTYPES = YES;
				CLANG_WARN_SUSPICIOUS_MOVE = YES;
				CLANG_WARN_UNGUARDED_AVAILABILITY = YES_AGGRESSIVE;
				CLANG_WARN_UNREACHABLE_CODE = YES;
				CLANG_WARN__DUPLICATE_METHOD_MATCH = YES;
				COPY_PHASE_STRIP = NO;
				DEBUG_INFORMATION_FORMAT = dwarf;
				ENABLE_STRICT_OBJC_MSGSEND = YES;
				ENABLE_TESTABILITY = YES;
				GCC_C_LANGUAGE_STANDARD = gnu11;
				GCC_DYNAMIC_NO_PIC = NO;
				GCC_NO_COMMON_BLOCKS = YES;
				GCC_OPTIMIZATION_LEVEL = 0;
				GCC_PREPROCESSOR_DEFINITIONS = (
					"DEBUG=1",
					"$(inherited)",
				);
				GCC_WARN_64_TO_32_BIT_CONVERSION = YES;
				GCC_WARN_ABOUT_RETURN_TYPE = YES_ERROR;
				GCC_WARN_UNDECLARED_SELECTOR = YES;
				GCC_WARN_UNINITIALIZED_AUTOS = YES_AGGRESSIVE;
				GCC_WARN_UNUSED_FUNCTION = YES;
				GCC_WARN_UNUSED_VARIABLE = YES;
				IPHONEOS_DEPLOYMENT_TARGET = 13.5;
				MTL_ENABLE_DEBUG_INFO = INCLUDE_SOURCE;
				MTL_FAST_MATH = YES;
				ONLY_ACTIVE_ARCH = YES;
				SDKROOT = iphoneos;
				SWIFT_ACTIVE_COMPILATION_CONDITIONS = DEBUG;
				SWIFT_OPTIMIZATION_LEVEL = "-Onone";
			};
			name = Debug;
		};
		03B8667B24A25ED900E7FEF5 /* Release */ = {
			isa = XCBuildConfiguration;
			buildSettings = {
				ALWAYS_SEARCH_USER_PATHS = NO;
				CLANG_ANALYZER_NONNULL = YES;
				CLANG_ANALYZER_NUMBER_OBJECT_CONVERSION = YES_AGGRESSIVE;
				CLANG_CXX_LANGUAGE_STANDARD = "gnu++14";
				CLANG_CXX_LIBRARY = "libc++";
				CLANG_ENABLE_MODULES = YES;
				CLANG_ENABLE_OBJC_ARC = YES;
				CLANG_ENABLE_OBJC_WEAK = YES;
				CLANG_WARN_BLOCK_CAPTURE_AUTORELEASING = YES;
				CLANG_WARN_BOOL_CONVERSION = YES;
				CLANG_WARN_COMMA = YES;
				CLANG_WARN_CONSTANT_CONVERSION = YES;
				CLANG_WARN_DEPRECATED_OBJC_IMPLEMENTATIONS = YES;
				CLANG_WARN_DIRECT_OBJC_ISA_USAGE = YES_ERROR;
				CLANG_WARN_DOCUMENTATION_COMMENTS = YES;
				CLANG_WARN_EMPTY_BODY = YES;
				CLANG_WARN_ENUM_CONVERSION = YES;
				CLANG_WARN_INFINITE_RECURSION = YES;
				CLANG_WARN_INT_CONVERSION = YES;
				CLANG_WARN_NON_LITERAL_NULL_CONVERSION = YES;
				CLANG_WARN_OBJC_IMPLICIT_RETAIN_SELF = YES;
				CLANG_WARN_OBJC_LITERAL_CONVERSION = YES;
				CLANG_WARN_OBJC_ROOT_CLASS = YES_ERROR;
				CLANG_WARN_RANGE_LOOP_ANALYSIS = YES;
				CLANG_WARN_STRICT_PROTOTYPES = YES;
				CLANG_WARN_SUSPICIOUS_MOVE = YES;
				CLANG_WARN_UNGUARDED_AVAILABILITY = YES_AGGRESSIVE;
				CLANG_WARN_UNREACHABLE_CODE = YES;
				CLANG_WARN__DUPLICATE_METHOD_MATCH = YES;
				COPY_PHASE_STRIP = NO;
				DEBUG_INFORMATION_FORMAT = "dwarf-with-dsym";
				ENABLE_NS_ASSERTIONS = NO;
				ENABLE_STRICT_OBJC_MSGSEND = YES;
				GCC_C_LANGUAGE_STANDARD = gnu11;
				GCC_NO_COMMON_BLOCKS = YES;
				GCC_WARN_64_TO_32_BIT_CONVERSION = YES;
				GCC_WARN_ABOUT_RETURN_TYPE = YES_ERROR;
				GCC_WARN_UNDECLARED_SELECTOR = YES;
				GCC_WARN_UNINITIALIZED_AUTOS = YES_AGGRESSIVE;
				GCC_WARN_UNUSED_FUNCTION = YES;
				GCC_WARN_UNUSED_VARIABLE = YES;
				IPHONEOS_DEPLOYMENT_TARGET = 13.5;
				MTL_ENABLE_DEBUG_INFO = NO;
				MTL_FAST_MATH = YES;
				SDKROOT = iphoneos;
				SWIFT_COMPILATION_MODE = wholemodule;
				SWIFT_OPTIMIZATION_LEVEL = "-O";
				VALIDATE_PRODUCT = YES;
			};
			name = Release;
		};
		03B8667D24A25ED900E7FEF5 /* Debug */ = {
			isa = XCBuildConfiguration;
			buildSettings = {
				ASSETCATALOG_COMPILER_APPICON_NAME = AppIcon;
				CODE_SIGN_STYLE = Automatic;
				DEVELOPMENT_TEAM = 499M6NJV33;
				FRAMEWORK_SEARCH_PATHS = (
					"$(inherited)",
					"$(PROJECT_DIR)",
					"$(PROJECT_DIR)/Frameworks",
				);
				INFOPLIST_FILE = Countries/Info.plist;
				LD_RUNPATH_SEARCH_PATHS = (
					"$(inherited)",
					"@executable_path/Frameworks",
				);
				PRODUCT_BUNDLE_IDENTIFIER = com.jesse.bushyhead.Countries;
				PRODUCT_NAME = "$(TARGET_NAME)";
				SWIFT_VERSION = 5.0;
				TARGETED_DEVICE_FAMILY = "1,2";
			};
			name = Debug;
		};
		03B8667E24A25ED900E7FEF5 /* Release */ = {
			isa = XCBuildConfiguration;
			buildSettings = {
				ASSETCATALOG_COMPILER_APPICON_NAME = AppIcon;
				CODE_SIGN_STYLE = Automatic;
				DEVELOPMENT_TEAM = 499M6NJV33;
				FRAMEWORK_SEARCH_PATHS = (
					"$(inherited)",
					"$(PROJECT_DIR)",
					"$(PROJECT_DIR)/Frameworks",
				);
				INFOPLIST_FILE = Countries/Info.plist;
				LD_RUNPATH_SEARCH_PATHS = (
					"$(inherited)",
					"@executable_path/Frameworks",
				);
				PRODUCT_BUNDLE_IDENTIFIER = com.jesse.bushyhead.Countries;
				PRODUCT_NAME = "$(TARGET_NAME)";
				SWIFT_VERSION = 5.0;
				TARGETED_DEVICE_FAMILY = "1,2";
			};
			name = Release;
		};
		03B8668024A25ED900E7FEF5 /* Debug */ = {
			isa = XCBuildConfiguration;
			buildSettings = {
				ALWAYS_EMBED_SWIFT_STANDARD_LIBRARIES = YES;
				BUNDLE_LOADER = "$(TEST_HOST)";
				CODE_SIGN_STYLE = Automatic;
				DEVELOPMENT_TEAM = 499M6NJV33;
				INFOPLIST_FILE = CountriesTests/Info.plist;
				IPHONEOS_DEPLOYMENT_TARGET = 13.5;
				LD_RUNPATH_SEARCH_PATHS = (
					"$(inherited)",
					"@executable_path/Frameworks",
					"@loader_path/Frameworks",
				);
				PRODUCT_BUNDLE_IDENTIFIER = com.jesse.bushyhead.CountriesTests;
				PRODUCT_NAME = "$(TARGET_NAME)";
				SWIFT_VERSION = 5.0;
				TARGETED_DEVICE_FAMILY = "1,2";
				TEST_HOST = "$(BUILT_PRODUCTS_DIR)/Countries.app/Countries";
			};
			name = Debug;
		};
		03B8668124A25ED900E7FEF5 /* Release */ = {
			isa = XCBuildConfiguration;
			buildSettings = {
				ALWAYS_EMBED_SWIFT_STANDARD_LIBRARIES = YES;
				BUNDLE_LOADER = "$(TEST_HOST)";
				CODE_SIGN_STYLE = Automatic;
				DEVELOPMENT_TEAM = 499M6NJV33;
				INFOPLIST_FILE = CountriesTests/Info.plist;
				IPHONEOS_DEPLOYMENT_TARGET = 13.5;
				LD_RUNPATH_SEARCH_PATHS = (
					"$(inherited)",
					"@executable_path/Frameworks",
					"@loader_path/Frameworks",
				);
				PRODUCT_BUNDLE_IDENTIFIER = com.jesse.bushyhead.CountriesTests;
				PRODUCT_NAME = "$(TARGET_NAME)";
				SWIFT_VERSION = 5.0;
				TARGETED_DEVICE_FAMILY = "1,2";
				TEST_HOST = "$(BUILT_PRODUCTS_DIR)/Countries.app/Countries";
			};
			name = Release;
		};
/* End XCBuildConfiguration section */

/* Begin XCConfigurationList section */
		03B8665824A25ED600E7FEF5 /* Build configuration list for PBXProject "Countries" */ = {
			isa = XCConfigurationList;
			buildConfigurations = (
				03B8667A24A25ED900E7FEF5 /* Debug */,
				03B8667B24A25ED900E7FEF5 /* Release */,
			);
			defaultConfigurationIsVisible = 0;
			defaultConfigurationName = Release;
		};
		03B8667C24A25ED900E7FEF5 /* Build configuration list for PBXNativeTarget "Countries" */ = {
			isa = XCConfigurationList;
			buildConfigurations = (
				03B8667D24A25ED900E7FEF5 /* Debug */,
				03B8667E24A25ED900E7FEF5 /* Release */,
			);
			defaultConfigurationIsVisible = 0;
			defaultConfigurationName = Release;
		};
		03B8667F24A25ED900E7FEF5 /* Build configuration list for PBXNativeTarget "CountriesTests" */ = {
			isa = XCConfigurationList;
			buildConfigurations = (
				03B8668024A25ED900E7FEF5 /* Debug */,
				03B8668124A25ED900E7FEF5 /* Release */,
			);
			defaultConfigurationIsVisible = 0;
			defaultConfigurationName = Release;
		};
/* End XCConfigurationList section */

/* Begin XCRemoteSwiftPackageReference section */
		035C245224A2EFB800FEF43D /* XCRemoteSwiftPackageReference "SDWebImageSVGCoder" */ = {
			isa = XCRemoteSwiftPackageReference;
			repositoryURL = "https://github.com/SDWebImage/SDWebImageSVGCoder";
			requirement = {
				kind = upToNextMajorVersion;
				minimumVersion = 1.5.0;
			};
		};
		03FF3B4024A2AA3900384353 /* XCRemoteSwiftPackageReference "SDWebImage" */ = {
			isa = XCRemoteSwiftPackageReference;
			repositoryURL = "https://github.com/SDWebImage/SDWebImage";
			requirement = {
				kind = upToNextMajorVersion;
				minimumVersion = 5.8.2;
			};
		};
/* End XCRemoteSwiftPackageReference section */

/* Begin XCSwiftPackageProductDependency section */
		035C245324A2EFB800FEF43D /* SDWebImageSVGCoder */ = {
			isa = XCSwiftPackageProductDependency;
			package = 035C245224A2EFB800FEF43D /* XCRemoteSwiftPackageReference "SDWebImageSVGCoder" */;
			productName = SDWebImageSVGCoder;
		};
		03FF3B4124A2AA3900384353 /* SDWebImage */ = {
			isa = XCSwiftPackageProductDependency;
			package = 03FF3B4024A2AA3900384353 /* XCRemoteSwiftPackageReference "SDWebImage" */;
			productName = SDWebImage;
		};
/* End XCSwiftPackageProductDependency section */
	};
	rootObject = 03B8665524A25ED600E7FEF5 /* Project object */;
}
